
Microsoft Visual Studio Solution File, Format Version 12.00
# Visual Studio Version 16
VisualStudioVersion = 16.0.31729.503
MinimumVisualStudioVersion = 10.0.40219.1
Project("{FAE04EC0-301F-11D3-BF4B-00C04F79EFBC}") = "AsteroidsGame", "AsteroidsGame\AsteroidsGame.csproj", "{0C8150D7-6A41-4FA7-BBF6-297E32C26ED8}"
EndProject
Project("{FAE04EC0-301F-11D3-BF4B-00C04F79EFBC}") = "SceneLib", "SceneLib\SceneLib.csproj", "{938D5E77-BC61-4569-940A-9BD379DE0735}"
EndProject
Global
	GlobalSection(SolutionConfigurationPlatforms) = preSolution
		Debug|Any CPU = Debug|Any CPU
		Debug|ARM = Debug|ARM
		Debug|ARM64 = Debug|ARM64
		Debug|x64 = Debug|x64
		Debug|x86 = Debug|x86
		Release|Any CPU = Release|Any CPU
		Release|ARM = Release|ARM
		Release|ARM64 = Release|ARM64
		Release|x64 = Release|x64
		Release|x86 = Release|x86
	EndGlobalSection
	GlobalSection(ProjectConfigurationPlatforms) = postSolution
		{0C8150D7-6A41-4FA7-BBF6-297E32C26ED8}.Debug|Any CPU.ActiveCfg = Debug|Any CPU
		{0C8150D7-6A41-4FA7-BBF6-297E32C26ED8}.Debug|Any CPU.Build.0 = Debug|Any CPU
		{0C8150D7-6A41-4FA7-BBF6-297E32C26ED8}.Debug|ARM.ActiveCfg = Debug|Any CPU
		{0C8150D7-6A41-4FA7-BBF6-297E32C26ED8}.Debug|ARM.Build.0 = Debug|Any CPU
		{0C8150D7-6A41-4FA7-BBF6-297E32C26ED8}.Debug|ARM64.ActiveCfg = Debug|Any CPU
		{0C8150D7-6A41-4FA7-BBF6-297E32C26ED8}.Debug|ARM64.Build.0 = Debug|Any CPU
		{0C8150D7-6A41-4FA7-BBF6-297E32C26ED8}.Debug|x64.ActiveCfg = Debug|Any CPU
		{0C8150D7-6A41-4FA7-BBF6-297E32C26ED8}.Debug|x64.Build.0 = Debug|Any CPU
		{0C8150D7-6A41-4FA7-BBF6-297E32C26ED8}.Debug|x86.ActiveCfg = Debug|Any CPU
		{0C8150D7-6A41-4FA7-BBF6-297E32C26ED8}.Debug|x86.Build.0 = Debug|Any CPU
		{0C8150D7-6A41-4FA7-BBF6-297E32C26ED8}.Release|Any CPU.ActiveCfg = Release|Any CPU
		{0C8150D7-6A41-4FA7-BBF6-297E32C26ED8}.Release|Any CPU.Build.0 = Release|Any CPU
		{0C8150D7-6A41-4FA7-BBF6-297E32C26ED8}.Release|ARM.ActiveCfg = Release|Any CPU
		{0C8150D7-6A41-4FA7-BBF6-297E32C26ED8}.Release|ARM.Build.0 = Release|Any CPU
		{0C8150D7-6A41-4FA7-BBF6-297E32C26ED8}.Release|ARM64.ActiveCfg = Release|Any CPU
		{0C8150D7-6A41-4FA7-BBF6-297E32C26ED8}.Release|ARM64.Build.0 = Release|Any CPU
		{0C8150D7-6A41-4FA7-BBF6-297E32C26ED8}.Release|x64.ActiveCfg = Release|Any CPU
		{0C8150D7-6A41-4FA7-BBF6-297E32C26ED8}.Release|x64.Build.0 = Release|Any CPU
		{0C8150D7-6A41-4FA7-BBF6-297E32C26ED8}.Release|x86.ActiveCfg = Release|Any CPU
		{0C8150D7-6A41-4FA7-BBF6-297E32C26ED8}.Release|x86.Build.0 = Release|Any CPU
		{938D5E77-BC61-4569-940A-9BD379DE0735}.Debug|Any CPU.ActiveCfg = Debug|Any CPU
		{938D5E77-BC61-4569-940A-9BD379DE0735}.Debug|Any CPU.Build.0 = Debug|Any CPU
		{938D5E77-BC61-4569-940A-9BD379DE0735}.Debug|ARM.ActiveCfg = Debug|Any CPU
		{938D5E77-BC61-4569-940A-9BD379DE0735}.Debug|ARM.Build.0 = Debug|Any CPU
		{938D5E77-BC61-4569-940A-9BD379DE0735}.Debug|ARM64.ActiveCfg = Debug|Any CPU
		{938D5E77-BC61-4569-940A-9BD379DE0735}.Debug|ARM64.Build.0 = Debug|Any CPU
		{938D5E77-BC61-4569-940A-9BD379DE0735}.Debug|x64.ActiveCfg = Debug|Any CPU
		{938D5E77-BC61-4569-940A-9BD379DE0735}.Debug|x64.Build.0 = Debug|Any CPU
		{938D5E77-BC61-4569-940A-9BD379DE0735}.Debug|x86.ActiveCfg = Debug|Any CPU
		{938D5E77-BC61-4569-940A-9BD379DE0735}.Debug|x86.Build.0 = Debug|Any CPU
		{938D5E77-BC61-4569-940A-9BD379DE0735}.Release|Any CPU.ActiveCfg = Release|Any CPU
		{938D5E77-BC61-4569-940A-9BD379DE0735}.Release|Any CPU.Build.0 = Release|Any CPU
		{938D5E77-BC61-4569-940A-9BD379DE0735}.Release|ARM.ActiveCfg = Release|Any CPU
		{938D5E77-BC61-4569-940A-9BD379DE0735}.Release|ARM.Build.0 = Release|Any CPU
		{938D5E77-BC61-4569-940A-9BD379DE0735}.Release|ARM64.ActiveCfg = Release|Any CPU
		{938D5E77-BC61-4569-940A-9BD379DE0735}.Release|ARM64.Build.0 = Release|Any CPU
		{938D5E77-BC61-4569-940A-9BD379DE0735}.Release|x64.ActiveCfg = Release|Any CPU
		{938D5E77-BC61-4569-940A-9BD379DE0735}.Release|x64.Build.0 = Release|Any CPU
		{938D5E77-BC61-4569-940A-9BD379DE0735}.Release|x86.ActiveCfg = Release|Any CPU
		{938D5E77-BC61-4569-940A-9BD379DE0735}.Release|x86.Build.0 = Release|Any CPU
	EndGlobalSection
	GlobalSection(SolutionProperties) = preSolution
		HideSolutionNode = FALSE
	EndGlobalSection
	GlobalSection(ExtensibilityGlobals) = postSolution
		SolutionGuid = {9A0E71FA-7E6E-45B4-B182-038EDFA8F4CA}
	EndGlobalSection
EndGlobal
